
Microsoft Visual Studio Solution File, Format Version 12.00
# Visual Studio 15
Project("{FAE04EC0-301F-11D3-BF4B-00C04F79EFBC}") = "LeanTouchPlus", "LeanTouchPlus.csproj", "{3FC1FA84-3D48-0049-62AE-6271EC48C82A}"
EndProject
Project("{FAE04EC0-301F-11D3-BF4B-00C04F79EFBC}") = "Assembly-CSharp", "Assembly-CSharp.csproj", "{12AFDB1C-4381-D4A1-2931-8BAED611C15E}"
EndProject
Project("{FAE04EC0-301F-11D3-BF4B-00C04F79EFBC}") = "LeanTouch", "LeanTouch.csproj", "{BAE59D19-9A2D-F15C-63DD-3508F0BF1DDA}"
EndProject
Project("{FAE04EC0-301F-11D3-BF4B-00C04F79EFBC}") = "LeanCommon", "LeanCommon.csproj", "{F7095158-2154-6667-7744-DE442B853966}"
EndProject
Project("{FAE04EC0-301F-11D3-BF4B-00C04F79EFBC}") = "Assembly-CSharp-Editor", "Assembly-CSharp-Editor.csproj", "{9FFBBED3-5367-7B84-D081-8D1BECB96E6E}"
EndProject
Global
	GlobalSection(SolutionConfigurationPlatforms) = preSolution
		Debug|Any CPU = Debug|Any CPU
		Release|Any CPU = Release|Any CPU
	EndGlobalSection
	GlobalSection(ProjectConfigurationPlatforms) = postSolution
		{3FC1FA84-3D48-0049-62AE-6271EC48C82A}.Debug|Any CPU.ActiveCfg = Debug|Any CPU
		{3FC1FA84-3D48-0049-62AE-6271EC48C82A}.Debug|Any CPU.Build.0 = Debug|Any CPU
		{3FC1FA84-3D48-0049-62AE-6271EC48C82A}.Release|Any CPU.ActiveCfg = Release|Any CPU
		{3FC1FA84-3D48-0049-62AE-6271EC48C82A}.Release|Any CPU.Build.0 = Release|Any CPU
		{12AFDB1C-4381-D4A1-2931-8BAED611C15E}.Debug|Any CPU.ActiveCfg = Debug|Any CPU
		{12AFDB1C-4381-D4A1-2931-8BAED611C15E}.Debug|Any CPU.Build.0 = Debug|Any CPU
		{12AFDB1C-4381-D4A1-2931-8BAED611C15E}.Release|Any CPU.ActiveCfg = Release|Any CPU
		{12AFDB1C-4381-D4A1-2931-8BAED611C15E}.Release|Any CPU.Build.0 = Release|Any CPU
		{BAE59D19-9A2D-F15C-63DD-3508F0BF1DDA}.Debug|Any CPU.ActiveCfg = Debug|Any CPU
		{BAE59D19-9A2D-F15C-63DD-3508F0BF1DDA}.Debug|Any CPU.Build.0 = Debug|Any CPU
		{BAE59D19-9A2D-F15C-63DD-3508F0BF1DDA}.Release|Any CPU.ActiveCfg = Release|Any CPU
		{BAE59D19-9A2D-F15C-63DD-3508F0BF1DDA}.Release|Any CPU.Build.0 = Release|Any CPU
		{F7095158-2154-6667-7744-DE442B853966}.Debug|Any CPU.ActiveCfg = Debug|Any CPU
		{F7095158-2154-6667-7744-DE442B853966}.Debug|Any CPU.Build.0 = Debug|Any CPU
		{F7095158-2154-6667-7744-DE442B853966}.Release|Any CPU.ActiveCfg = Release|Any CPU
		{F7095158-2154-6667-7744-DE442B853966}.Release|Any CPU.Build.0 = Release|Any CPU
		{9FFBBED3-5367-7B84-D081-8D1BECB96E6E}.Debug|Any CPU.ActiveCfg = Debug|Any CPU
		{9FFBBED3-5367-7B84-D081-8D1BECB96E6E}.Debug|Any CPU.Build.0 = Debug|Any CPU
		{9FFBBED3-5367-7B84-D081-8D1BECB96E6E}.Release|Any CPU.ActiveCfg = Release|Any CPU
		{9FFBBED3-5367-7B84-D081-8D1BECB96E6E}.Release|Any CPU.Build.0 = Release|Any CPU
	EndGlobalSection
	GlobalSection(SolutionProperties) = preSolution
		HideSolutionNode = FALSE
	EndGlobalSection
EndGlobal
